// !$*UTF8*$!
{
	archiveVersion = 1;
	classes = {
	};
	objectVersion = 56;
	objects = {

/* Begin PBXBuildFile section */
		6CBBC343431D5054F087F003 /* Pods_neosoftTest.framework in Frameworks */ = {isa = PBXBuildFile; fileRef = F03EEDD7BFFE2E4AB8332EE9 /* Pods_neosoftTest.framework */; };
		DC1FF13A2AEFB2DD004BFFFF /* AppDelegate.swift in Sources */ = {isa = PBXBuildFile; fileRef = DC1FF1392AEFB2DD004BFFFF /* AppDelegate.swift */; };
		DC1FF13C2AEFB2DD004BFFFF /* SceneDelegate.swift in Sources */ = {isa = PBXBuildFile; fileRef = DC1FF13B2AEFB2DD004BFFFF /* SceneDelegate.swift */; };
		DC1FF1412AEFB2DD004BFFFF /* Main.storyboard in Resources */ = {isa = PBXBuildFile; fileRef = DC1FF13F2AEFB2DD004BFFFF /* Main.storyboard */; };
		DC1FF1432AEFB2DE004BFFFF /* Assets.xcassets in Resources */ = {isa = PBXBuildFile; fileRef = DC1FF1422AEFB2DE004BFFFF /* Assets.xcassets */; };
		DC1FF1462AEFB2DE004BFFFF /* LaunchScreen.storyboard in Resources */ = {isa = PBXBuildFile; fileRef = DC1FF1442AEFB2DE004BFFFF /* LaunchScreen.storyboard */; };
		DC1FF1522AEFD329004BFFFF /* WeatherData.swift in Sources */ = {isa = PBXBuildFile; fileRef = DC1FF1512AEFD329004BFFFF /* WeatherData.swift */; };
		DC1FF1542AEFD33B004BFFFF /* WeatherService.swift in Sources */ = {isa = PBXBuildFile; fileRef = DC1FF1532AEFD33B004BFFFF /* WeatherService.swift */; };
		DC1FF1562AEFD352004BFFFF /* WeatherViewModel.swift in Sources */ = {isa = PBXBuildFile; fileRef = DC1FF1552AEFD352004BFFFF /* WeatherViewModel.swift */; };
		DC1FF15A2AF10E15004BFFFF /* WeatherViewController.swift in Sources */ = {isa = PBXBuildFile; fileRef = DC1FF1592AF10E15004BFFFF /* WeatherViewController.swift */; };
		DC1FF15C2AF10E67004BFFFF /* CityInputViewController.swift in Sources */ = {isa = PBXBuildFile; fileRef = DC1FF15B2AF10E67004BFFFF /* CityInputViewController.swift */; };
		DC1FF1642AF1479A004BFFFF /* neosoftTestTests.swift in Sources */ = {isa = PBXBuildFile; fileRef = DC1FF1632AF1479A004BFFFF /* neosoftTestTests.swift */; };
		DC1FF16B2AF147DE004BFFFF /* WeatherViewModelTests.swift in Sources */ = {isa = PBXBuildFile; fileRef = DC1FF16A2AF147DE004BFFFF /* WeatherViewModelTests.swift */; };
/* End PBXBuildFile section */

/* Begin PBXContainerItemProxy section */
		DC1FF1652AF1479A004BFFFF /* PBXContainerItemProxy */ = {
			isa = PBXContainerItemProxy;
			containerPortal = DC1FF12E2AEFB2DD004BFFFF /* Project object */;
			proxyType = 1;
			remoteGlobalIDString = DC1FF1352AEFB2DD004BFFFF;
			remoteInfo = neosoftTest;
		};
/* End PBXContainerItemProxy section */

/* Begin PBXFileReference section */
		63F5A01ACAE2E74FA325E9DE /* Pods-neosoftTest.release.xcconfig */ = {isa = PBXFileReference; includeInIndex = 1; lastKnownFileType = text.xcconfig; name = "Pods-neosoftTest.release.xcconfig"; path = "Target Support Files/Pods-neosoftTest/Pods-neosoftTest.release.xcconfig"; sourceTree = "<group>"; };
		DC1FF1362AEFB2DD004BFFFF /* neosoftTest.app */ = {isa = PBXFileReference; explicitFileType = wrapper.application; includeInIndex = 0; path = neosoftTest.app; sourceTree = BUILT_PRODUCTS_DIR; };
		DC1FF1392AEFB2DD004BFFFF /* AppDelegate.swift */ = {isa = PBXFileReference; lastKnownFileType = sourcecode.swift; path = AppDelegate.swift; sourceTree = "<group>"; };
		DC1FF13B2AEFB2DD004BFFFF /* SceneDelegate.swift */ = {isa = PBXFileReference; lastKnownFileType = sourcecode.swift; path = SceneDelegate.swift; sourceTree = "<group>"; };
		DC1FF1402AEFB2DD004BFFFF /* Base */ = {isa = PBXFileReference; lastKnownFileType = file.storyboard; name = Base; path = Base.lproj/Main.storyboard; sourceTree = "<group>"; };
		DC1FF1422AEFB2DE004BFFFF /* Assets.xcassets */ = {isa = PBXFileReference; lastKnownFileType = folder.assetcatalog; path = Assets.xcassets; sourceTree = "<group>"; };
		DC1FF1452AEFB2DE004BFFFF /* Base */ = {isa = PBXFileReference; lastKnownFileType = file.storyboard; name = Base; path = Base.lproj/LaunchScreen.storyboard; sourceTree = "<group>"; };
		DC1FF1472AEFB2DE004BFFFF /* Info.plist */ = {isa = PBXFileReference; lastKnownFileType = text.plist.xml; path = Info.plist; sourceTree = "<group>"; };
		DC1FF1512AEFD329004BFFFF /* WeatherData.swift */ = {isa = PBXFileReference; lastKnownFileType = sourcecode.swift; path = WeatherData.swift; sourceTree = "<group>"; };
		DC1FF1532AEFD33B004BFFFF /* WeatherService.swift */ = {isa = PBXFileReference; lastKnownFileType = sourcecode.swift; path = WeatherService.swift; sourceTree = "<group>"; };
		DC1FF1552AEFD352004BFFFF /* WeatherViewModel.swift */ = {isa = PBXFileReference; lastKnownFileType = sourcecode.swift; path = WeatherViewModel.swift; sourceTree = "<group>"; };
		DC1FF1592AF10E15004BFFFF /* WeatherViewController.swift */ = {isa = PBXFileReference; lastKnownFileType = sourcecode.swift; path = WeatherViewController.swift; sourceTree = "<group>"; };
		DC1FF15B2AF10E67004BFFFF /* CityInputViewController.swift */ = {isa = PBXFileReference; lastKnownFileType = sourcecode.swift; path = CityInputViewController.swift; sourceTree = "<group>"; };
		DC1FF1612AF1479A004BFFFF /* neosoftTestTests.xctest */ = {isa = PBXFileReference; explicitFileType = wrapper.cfbundle; includeInIndex = 0; path = neosoftTestTests.xctest; sourceTree = BUILT_PRODUCTS_DIR; };
		DC1FF1632AF1479A004BFFFF /* neosoftTestTests.swift */ = {isa = PBXFileReference; lastKnownFileType = sourcecode.swift; path = neosoftTestTests.swift; sourceTree = "<group>"; };
		DC1FF16A2AF147DE004BFFFF /* WeatherViewModelTests.swift */ = {isa = PBXFileReference; lastKnownFileType = sourcecode.swift; path = WeatherViewModelTests.swift; sourceTree = "<group>"; };
		F03EEDD7BFFE2E4AB8332EE9 /* Pods_neosoftTest.framework */ = {isa = PBXFileReference; explicitFileType = wrapper.framework; includeInIndex = 0; path = Pods_neosoftTest.framework; sourceTree = BUILT_PRODUCTS_DIR; };
		FED166186BC3556C19E3CEAD /* Pods-neosoftTest.debug.xcconfig */ = {isa = PBXFileReference; includeInIndex = 1; lastKnownFileType = text.xcconfig; name = "Pods-neosoftTest.debug.xcconfig"; path = "Target Support Files/Pods-neosoftTest/Pods-neosoftTest.debug.xcconfig"; sourceTree = "<group>"; };
/* End PBXFileReference section */

/* Begin PBXFrameworksBuildPhase section */
		DC1FF1332AEFB2DD004BFFFF /* Frameworks */ = {
			isa = PBXFrameworksBuildPhase;
			buildActionMask = 2147483647;
			files = (
				6CBBC343431D5054F087F003 /* Pods_neosoftTest.framework in Frameworks */,
			);
			runOnlyForDeploymentPostprocessing = 0;
		};
		DC1FF15E2AF1479A004BFFFF /* Frameworks */ = {
			isa = PBXFrameworksBuildPhase;
			buildActionMask = 2147483647;
			files = (
			);
			runOnlyForDeploymentPostprocessing = 0;
		};
/* End PBXFrameworksBuildPhase section */

/* Begin PBXGroup section */
		2B3689B089BA0967BA6CC7CA /* Frameworks */ = {
			isa = PBXGroup;
			children = (
				F03EEDD7BFFE2E4AB8332EE9 /* Pods_neosoftTest.framework */,
			);
			name = Frameworks;
			sourceTree = "<group>";
		};
		BF44A859DD7BE21BBAAED4CE /* Pods */ = {
			isa = PBXGroup;
			children = (
				FED166186BC3556C19E3CEAD /* Pods-neosoftTest.debug.xcconfig */,
				63F5A01ACAE2E74FA325E9DE /* Pods-neosoftTest.release.xcconfig */,
			);
			path = Pods;
			sourceTree = "<group>";
		};
		DC1FF12D2AEFB2DD004BFFFF = {
			isa = PBXGroup;
			children = (
				DC1FF1382AEFB2DD004BFFFF /* neosoftTest */,
				DC1FF1622AF1479A004BFFFF /* neosoftTestTests */,
				DC1FF1372AEFB2DD004BFFFF /* Products */,
				BF44A859DD7BE21BBAAED4CE /* Pods */,
				2B3689B089BA0967BA6CC7CA /* Frameworks */,
			);
			sourceTree = "<group>";
		};
		DC1FF1372AEFB2DD004BFFFF /* Products */ = {
			isa = PBXGroup;
			children = (
				DC1FF1362AEFB2DD004BFFFF /* neosoftTest.app */,
				DC1FF1612AF1479A004BFFFF /* neosoftTestTests.xctest */,
			);
			name = Products;
			sourceTree = "<group>";
		};
		DC1FF1382AEFB2DD004BFFFF /* neosoftTest */ = {
			isa = PBXGroup;
			children = (
				DC1FF1502AEFD30A004BFFFF /* Models */,
				DC1FF14F2AEFD30A004BFFFF /* Services */,
				DC1FF14E2AEFD30A004BFFFF /* ViewModels */,
				DC1FF14D2AEFD30A004BFFFF /* Views */,
				DC1FF1392AEFB2DD004BFFFF /* AppDelegate.swift */,
				DC1FF13B2AEFB2DD004BFFFF /* SceneDelegate.swift */,
				DC1FF13F2AEFB2DD004BFFFF /* Main.storyboard */,
				DC1FF1422AEFB2DE004BFFFF /* Assets.xcassets */,
				DC1FF1442AEFB2DE004BFFFF /* LaunchScreen.storyboard */,
				DC1FF1472AEFB2DE004BFFFF /* Info.plist */,
			);
			path = neosoftTest;
			sourceTree = "<group>";
		};
		DC1FF14D2AEFD30A004BFFFF /* Views */ = {
			isa = PBXGroup;
			children = (
				DC1FF1592AF10E15004BFFFF /* WeatherViewController.swift */,
				DC1FF15B2AF10E67004BFFFF /* CityInputViewController.swift */,
			);
			path = Views;
			sourceTree = "<group>";
		};
		DC1FF14E2AEFD30A004BFFFF /* ViewModels */ = {
			isa = PBXGroup;
			children = (
				DC1FF1552AEFD352004BFFFF /* WeatherViewModel.swift */,
			);
			path = ViewModels;
			sourceTree = "<group>";
		};
		DC1FF14F2AEFD30A004BFFFF /* Services */ = {
			isa = PBXGroup;
			children = (
				DC1FF1532AEFD33B004BFFFF /* WeatherService.swift */,
			);
			path = Services;
			sourceTree = "<group>";
		};
		DC1FF1502AEFD30A004BFFFF /* Models */ = {
			isa = PBXGroup;
			children = (
				DC1FF1512AEFD329004BFFFF /* WeatherData.swift */,
			);
			path = Models;
			sourceTree = "<group>";
		};
		DC1FF1622AF1479A004BFFFF /* neosoftTestTests */ = {
			isa = PBXGroup;
			children = (
				DC1FF1632AF1479A004BFFFF /* neosoftTestTests.swift */,
				DC1FF16A2AF147DE004BFFFF /* WeatherViewModelTests.swift */,
			);
			path = neosoftTestTests;
			sourceTree = "<group>";
		};
/* End PBXGroup section */

/* Begin PBXNativeTarget section */
		DC1FF1352AEFB2DD004BFFFF /* neosoftTest */ = {
			isa = PBXNativeTarget;
			buildConfigurationList = DC1FF14A2AEFB2DE004BFFFF /* Build configuration list for PBXNativeTarget "neosoftTest" */;
			buildPhases = (
				36B31565761A61045F929F16 /* [CP] Check Pods Manifest.lock */,
				DC1FF1322AEFB2DD004BFFFF /* Sources */,
				DC1FF1332AEFB2DD004BFFFF /* Frameworks */,
				DC1FF1342AEFB2DD004BFFFF /* Resources */,
				F3563EA62128A95951D80C3F /* [CP] Embed Pods Frameworks */,
			);
			buildRules = (
			);
			dependencies = (
			);
			name = neosoftTest;
			productName = neosoftTest;
			productReference = DC1FF1362AEFB2DD004BFFFF /* neosoftTest.app */;
			productType = "com.apple.product-type.application";
		};
		DC1FF1602AF1479A004BFFFF /* neosoftTestTests */ = {
			isa = PBXNativeTarget;
			buildConfigurationList = DC1FF1672AF1479A004BFFFF /* Build configuration list for PBXNativeTarget "neosoftTestTests" */;
			buildPhases = (
				DC1FF15D2AF1479A004BFFFF /* Sources */,
				DC1FF15E2AF1479A004BFFFF /* Frameworks */,
				DC1FF15F2AF1479A004BFFFF /* Resources */,
			);
			buildRules = (
			);
			dependencies = (
				DC1FF1662AF1479A004BFFFF /* PBXTargetDependency */,
			);
			name = neosoftTestTests;
			productName = neosoftTestTests;
			productReference = DC1FF1612AF1479A004BFFFF /* neosoftTestTests.xctest */;
			productType = "com.apple.product-type.bundle.unit-test";
		};
/* End PBXNativeTarget section */

/* Begin PBXProject section */
		DC1FF12E2AEFB2DD004BFFFF /* Project object */ = {
			isa = PBXProject;
			attributes = {
				BuildIndependentTargetsInParallel = 1;
				LastSwiftUpdateCheck = 1500;
				LastUpgradeCheck = 1500;
				TargetAttributes = {
					DC1FF1352AEFB2DD004BFFFF = {
						CreatedOnToolsVersion = 15.0;
					};
					DC1FF1602AF1479A004BFFFF = {
						CreatedOnToolsVersion = 15.0;
						TestTargetID = DC1FF1352AEFB2DD004BFFFF;
					};
				};
			};
			buildConfigurationList = DC1FF1312AEFB2DD004BFFFF /* Build configuration list for PBXProject "neosoftTest" */;
			compatibilityVersion = "Xcode 14.0";
			developmentRegion = en;
			hasScannedForEncodings = 0;
			knownRegions = (
				en,
				Base,
			);
			mainGroup = DC1FF12D2AEFB2DD004BFFFF;
			productRefGroup = DC1FF1372AEFB2DD004BFFFF /* Products */;
			projectDirPath = "";
			projectRoot = "";
			targets = (
				DC1FF1352AEFB2DD004BFFFF /* neosoftTest */,
				DC1FF1602AF1479A004BFFFF /* neosoftTestTests */,
			);
		};
/* End PBXProject section */

/* Begin PBXResourcesBuildPhase section */
		DC1FF1342AEFB2DD004BFFFF /* Resources */ = {
			isa = PBXResourcesBuildPhase;
			buildActionMask = 2147483647;
			files = (
				DC1FF1462AEFB2DE004BFFFF /* LaunchScreen.storyboard in Resources */,
				DC1FF1432AEFB2DE004BFFFF /* Assets.xcassets in Resources */,
				DC1FF1412AEFB2DD004BFFFF /* Main.storyboard in Resources */,
			);
			runOnlyForDeploymentPostprocessing = 0;
		};
		DC1FF15F2AF1479A004BFFFF /* Resources */ = {
			isa = PBXResourcesBuildPhase;
			buildActionMask = 2147483647;
			files = (
			);
			runOnlyForDeploymentPostprocessing = 0;
		};
/* End PBXResourcesBuildPhase section */

/* Begin PBXShellScriptBuildPhase section */
		36B31565761A61045F929F16 /* [CP] Check Pods Manifest.lock */ = {
			isa = PBXShellScriptBuildPhase;
			buildActionMask = 2147483647;
			files = (
			);
			inputFileListPaths = (
			);
			inputPaths = (
				"${PODS_PODFILE_DIR_PATH}/Podfile.lock",
				"${PODS_ROOT}/Manifest.lock",
			);
			name = "[CP] Check Pods Manifest.lock";
			outputFileListPaths = (
			);
			outputPaths = (
				"$(DERIVED_FILE_DIR)/Pods-neosoftTest-checkManifestLockResult.txt",
			);
			runOnlyForDeploymentPostprocessing = 0;
			shellPath = /bin/sh;
			shellScript = "diff \"${PODS_PODFILE_DIR_PATH}/Podfile.lock\" \"${PODS_ROOT}/Manifest.lock\" > /dev/null\nif [ $? != 0 ] ; then\n    # print error to STDERR\n    echo \"error: The sandbox is not in sync with the Podfile.lock. Run 'pod install' or update your CocoaPods installation.\" >&2\n    exit 1\nfi\n# This output is used by Xcode 'outputs' to avoid re-running this script phase.\necho \"SUCCESS\" > \"${SCRIPT_OUTPUT_FILE_0}\"\n";
			showEnvVarsInLog = 0;
		};
		F3563EA62128A95951D80C3F /* [CP] Embed Pods Frameworks */ = {
			isa = PBXShellScriptBuildPhase;
			buildActionMask = 2147483647;
			files = (
			);
			inputFileListPaths = (
				"${PODS_ROOT}/Target Support Files/Pods-neosoftTest/Pods-neosoftTest-frameworks-${CONFIGURATION}-input-files.xcfilelist",
			);
			name = "[CP] Embed Pods Frameworks";
			outputFileListPaths = (
				"${PODS_ROOT}/Target Support Files/Pods-neosoftTest/Pods-neosoftTest-frameworks-${CONFIGURATION}-output-files.xcfilelist",
			);
			runOnlyForDeploymentPostprocessing = 0;
			shellPath = /bin/sh;
			shellScript = "\"${PODS_ROOT}/Target Support Files/Pods-neosoftTest/Pods-neosoftTest-frameworks.sh\"\n";
			showEnvVarsInLog = 0;
		};
/* End PBXShellScriptBuildPhase section */

/* Begin PBXSourcesBuildPhase section */
		DC1FF1322AEFB2DD004BFFFF /* Sources */ = {
			isa = PBXSourcesBuildPhase;
			buildActionMask = 2147483647;
			files = (
				DC1FF1542AEFD33B004BFFFF /* WeatherService.swift in Sources */,
				DC1FF1562AEFD352004BFFFF /* WeatherViewModel.swift in Sources */,
				DC1FF15C2AF10E67004BFFFF /* CityInputViewController.swift in Sources */,
				DC1FF13A2AEFB2DD004BFFFF /* AppDelegate.swift in Sources */,
				DC1FF1522AEFD329004BFFFF /* WeatherData.swift in Sources */,
				DC1FF15A2AF10E15004BFFFF /* WeatherViewController.swift in Sources */,
				DC1FF13C2AEFB2DD004BFFFF /* SceneDelegate.swift in Sources */,
			);
			runOnlyForDeploymentPostprocessing = 0;
		};
		DC1FF15D2AF1479A004BFFFF /* Sources */ = {
			isa = PBXSourcesBuildPhase;
			buildActionMask = 2147483647;
			files = (
				DC1FF1642AF1479A004BFFFF /* neosoftTestTests.swift in Sources */,
				DC1FF16B2AF147DE004BFFFF /* WeatherViewModelTests.swift in Sources */,
			);
			runOnlyForDeploymentPostprocessing = 0;
		};
/* End PBXSourcesBuildPhase section */

/* Begin PBXTargetDependency section */
		DC1FF1662AF1479A004BFFFF /* PBXTargetDependency */ = {
			isa = PBXTargetDependency;
			target = DC1FF1352AEFB2DD004BFFFF /* neosoftTest */;
			targetProxy = DC1FF1652AF1479A004BFFFF /* PBXContainerItemProxy */;
		};
/* End PBXTargetDependency section */

/* Begin PBXVariantGroup section */
		DC1FF13F2AEFB2DD004BFFFF /* Main.storyboard */ = {
			isa = PBXVariantGroup;
			children = (
				DC1FF1402AEFB2DD004BFFFF /* Base */,
			);
			name = Main.storyboard;
			sourceTree = "<group>";
		};
		DC1FF1442AEFB2DE004BFFFF /* LaunchScreen.storyboard */ = {
			isa = PBXVariantGroup;
			children = (
				DC1FF1452AEFB2DE004BFFFF /* Base */,
			);
			name = LaunchScreen.storyboard;
			sourceTree = "<group>";
		};
/* End PBXVariantGroup section */

/* Begin XCBuildConfiguration section */
		DC1FF1482AEFB2DE004BFFFF /* Debug */ = {
			isa = XCBuildConfiguration;
			buildSettings = {
				ALWAYS_SEARCH_USER_PATHS = NO;
				ASSETCATALOG_COMPILER_GENERATE_SWIFT_ASSET_SYMBOL_EXTENSIONS = YES;
				CLANG_ANALYZER_NONNULL = YES;
				CLANG_ANALYZER_NUMBER_OBJECT_CONVERSION = YES_AGGRESSIVE;
				CLANG_CXX_LANGUAGE_STANDARD = "gnu++20";
				CLANG_ENABLE_MODULES = YES;
				CLANG_ENABLE_OBJC_ARC = YES;
				CLANG_ENABLE_OBJC_WEAK = YES;
				CLANG_WARN_BLOCK_CAPTURE_AUTORELEASING = YES;
				CLANG_WARN_BOOL_CONVERSION = YES;
				CLANG_WARN_COMMA = YES;
				CLANG_WARN_CONSTANT_CONVERSION = YES;
				CLANG_WARN_DEPRECATED_OBJC_IMPLEMENTATIONS = YES;
				CLANG_WARN_DIRECT_OBJC_ISA_USAGE = YES_ERROR;
				CLANG_WARN_DOCUMENTATION_COMMENTS = YES;
				CLANG_WARN_EMPTY_BODY = YES;
				CLANG_WARN_ENUM_CONVERSION = YES;
				CLANG_WARN_INFINITE_RECURSION = YES;
				CLANG_WARN_INT_CONVERSION = YES;
				CLANG_WARN_NON_LITERAL_NULL_CONVERSION = YES;
				CLANG_WARN_OBJC_IMPLICIT_RETAIN_SELF = YES;
				CLANG_WARN_OBJC_LITERAL_CONVERSION = YES;
				CLANG_WARN_OBJC_ROOT_CLASS = YES_ERROR;
				CLANG_WARN_QUOTED_INCLUDE_IN_FRAMEWORK_HEADER = YES;
				CLANG_WARN_RANGE_LOOP_ANALYSIS = YES;
				CLANG_WARN_STRICT_PROTOTYPES = YES;
				CLANG_WARN_SUSPICIOUS_MOVE = YES;
				CLANG_WARN_UNGUARDED_AVAILABILITY = YES_AGGRESSIVE;
				CLANG_WARN_UNREACHABLE_CODE = YES;
				CLANG_WARN__DUPLICATE_METHOD_MATCH = YES;
				COPY_PHASE_STRIP = NO;
				DEBUG_INFORMATION_FORMAT = dwarf;
				ENABLE_STRICT_OBJC_MSGSEND = YES;
				ENABLE_TESTABILITY = YES;
				ENABLE_USER_SCRIPT_SANDBOXING = YES;
				GCC_C_LANGUAGE_STANDARD = gnu17;
				GCC_DYNAMIC_NO_PIC = NO;
				GCC_NO_COMMON_BLOCKS = YES;
				GCC_OPTIMIZATION_LEVEL = 0;
				GCC_PREPROCESSOR_DEFINITIONS = (
					"DEBUG=1",
					"$(inherited)",
				);
				GCC_WARN_64_TO_32_BIT_CONVERSION = YES;
				GCC_WARN_ABOUT_RETURN_TYPE = YES_ERROR;
				GCC_WARN_UNDECLARED_SELECTOR = YES;
				GCC_WARN_UNINITIALIZED_AUTOS = YES_AGGRESSIVE;
				GCC_WARN_UNUSED_FUNCTION = YES;
				GCC_WARN_UNUSED_VARIABLE = YES;
				IPHONEOS_DEPLOYMENT_TARGET = 17.0;
				LOCALIZATION_PREFERS_STRING_CATALOGS = YES;
				MTL_ENABLE_DEBUG_INFO = INCLUDE_SOURCE;
				MTL_FAST_MATH = YES;
				ONLY_ACTIVE_ARCH = YES;
				SDKROOT = iphoneos;
				SWIFT_ACTIVE_COMPILATION_CONDITIONS = "DEBUG $(inherited)";
				SWIFT_OPTIMIZATION_LEVEL = "-Onone";
			};
			name = Debug;
		};
		DC1FF1492AEFB2DE004BFFFF /* Release */ = {
			isa = XCBuildConfiguration;
			buildSettings = {
				ALWAYS_SEARCH_USER_PATHS = NO;
				ASSETCATALOG_COMPILER_GENERATE_SWIFT_ASSET_SYMBOL_EXTENSIONS = YES;
				CLANG_ANALYZER_NONNULL = YES;
				CLANG_ANALYZER_NUMBER_OBJECT_CONVERSION = YES_AGGRESSIVE;
				CLANG_CXX_LANGUAGE_STANDARD = "gnu++20";
				CLANG_ENABLE_MODULES = YES;
				CLANG_ENABLE_OBJC_ARC = YES;
				CLANG_ENABLE_OBJC_WEAK = YES;
				CLANG_WARN_BLOCK_CAPTURE_AUTORELEASING = YES;
				CLANG_WARN_BOOL_CONVERSION = YES;
				CLANG_WARN_COMMA = YES;
				CLANG_WARN_CONSTANT_CONVERSION = YES;
				CLANG_WARN_DEPRECATED_OBJC_IMPLEMENTATIONS = YES;
				CLANG_WARN_DIRECT_OBJC_ISA_USAGE = YES_ERROR;
				CLANG_WARN_DOCUMENTATION_COMMENTS = YES;
				CLANG_WARN_EMPTY_BODY = YES;
				CLANG_WARN_ENUM_CONVERSION = YES;
				CLANG_WARN_INFINITE_RECURSION = YES;
				CLANG_WARN_INT_CONVERSION = YES;
				CLANG_WARN_NON_LITERAL_NULL_CONVERSION = YES;
				CLANG_WARN_OBJC_IMPLICIT_RETAIN_SELF = YES;
				CLANG_WARN_OBJC_LITERAL_CONVERSION = YES;
				CLANG_WARN_OBJC_ROOT_CLASS = YES_ERROR;
				CLANG_WARN_QUOTED_INCLUDE_IN_FRAMEWORK_HEADER = YES;
				CLANG_WARN_RANGE_LOOP_ANALYSIS = YES;
				CLANG_WARN_STRICT_PROTOTYPES = YES;
				CLANG_WARN_SUSPICIOUS_MOVE = YES;
				CLANG_WARN_UNGUARDED_AVAILABILITY = YES_AGGRESSIVE;
				CLANG_WARN_UNREACHABLE_CODE = YES;
				CLANG_WARN__DUPLICATE_METHOD_MATCH = YES;
				COPY_PHASE_STRIP = NO;
				DEBUG_INFORMATION_FORMAT = "dwarf-with-dsym";
				ENABLE_NS_ASSERTIONS = NO;
				ENABLE_STRICT_OBJC_MSGSEND = YES;
				ENABLE_USER_SCRIPT_SANDBOXING = YES;
				GCC_C_LANGUAGE_STANDARD = gnu17;
				GCC_NO_COMMON_BLOCKS = YES;
				GCC_WARN_64_TO_32_BIT_CONVERSION = YES;
				GCC_WARN_ABOUT_RETURN_TYPE = YES_ERROR;
				GCC_WARN_UNDECLARED_SELECTOR = YES;
				GCC_WARN_UNINITIALIZED_AUTOS = YES_AGGRESSIVE;
				GCC_WARN_UNUSED_FUNCTION = YES;
				GCC_WARN_UNUSED_VARIABLE = YES;
				IPHONEOS_DEPLOYMENT_TARGET = 17.0;
				LOCALIZATION_PREFERS_STRING_CATALOGS = YES;
				MTL_ENABLE_DEBUG_INFO = NO;
				MTL_FAST_MATH = YES;
				SDKROOT = iphoneos;
				SWIFT_COMPILATION_MODE = wholemodule;
				VALIDATE_PRODUCT = YES;
			};
			name = Release;
		};
		DC1FF14B2AEFB2DE004BFFFF /* Debug */ = {
			isa = XCBuildConfiguration;
			baseConfigurationReference = FED166186BC3556C19E3CEAD /* Pods-neosoftTest.debug.xcconfig */;
			buildSettings = {
				ASSETCATALOG_COMPILER_APPICON_NAME = AppIcon;
				ASSETCATALOG_COMPILER_GLOBAL_ACCENT_COLOR_NAME = AccentColor;
				CODE_SIGN_STYLE = Automatic;
				CURRENT_PROJECT_VERSION = 1;
				ENABLE_USER_SCRIPT_SANDBOXING = NO;
				GENERATE_INFOPLIST_FILE = YES;
				INFOPLIST_FILE = neosoftTest/Info.plist;
				INFOPLIST_KEY_NSLocationAlwaysAndWhenInUseUsageDescription = "We need your location for weather updates.";
				INFOPLIST_KEY_NSLocationAlwaysUsageDescription = "We need your location for weather updates.";
				INFOPLIST_KEY_NSLocationWhenInUseUsageDescription = "We need your location for weather updates.";
				INFOPLIST_KEY_UIApplicationSupportsIndirectInputEvents = YES;
				INFOPLIST_KEY_UILaunchStoryboardName = LaunchScreen;
				INFOPLIST_KEY_UIMainStoryboardFile = Main;
				INFOPLIST_KEY_UISupportedInterfaceOrientations = UIInterfaceOrientationPortrait;
				LD_RUNPATH_SEARCH_PATHS = (
					"$(inherited)",
					"@executable_path/Frameworks",
				);
				MARKETING_VERSION = 1.0;
				PRODUCT_BUNDLE_IDENTIFIER = com.neosoft.test.neosoftTest;
				PRODUCT_NAME = "$(TARGET_NAME)";
				SWIFT_EMIT_LOC_STRINGS = YES;
				SWIFT_VERSION = 5.0;
				TARGETED_DEVICE_FAMILY = "1,2";
			};
			name = Debug;
		};
		DC1FF14C2AEFB2DE004BFFFF /* Release */ = {
			isa = XCBuildConfiguration;
			baseConfigurationReference = 63F5A01ACAE2E74FA325E9DE /* Pods-neosoftTest.release.xcconfig */;
			buildSettings = {
				ASSETCATALOG_COMPILER_APPICON_NAME = AppIcon;
				ASSETCATALOG_COMPILER_GLOBAL_ACCENT_COLOR_NAME = AccentColor;
				CODE_SIGN_STYLE = Automatic;
				CURRENT_PROJECT_VERSION = 1;
				ENABLE_USER_SCRIPT_SANDBOXING = NO;
				GENERATE_INFOPLIST_FILE = YES;
				INFOPLIST_FILE = neosoftTest/Info.plist;
				INFOPLIST_KEY_NSLocationAlwaysAndWhenInUseUsageDescription = "We need your location for weather updates.";
				INFOPLIST_KEY_NSLocationAlwaysUsageDescription = "We need your location for weather updates.";
				INFOPLIST_KEY_NSLocationWhenInUseUsageDescription = "We need your location for weather updates.";
				INFOPLIST_KEY_UIApplicationSupportsIndirectInputEvents = YES;
				INFOPLIST_KEY_UILaunchStoryboardName = LaunchScreen;
				INFOPLIST_KEY_UIMainStoryboardFile = Main;
				INFOPLIST_KEY_UISupportedInterfaceOrientations = UIInterfaceOrientationPortrait;
				LD_RUNPATH_SEARCH_PATHS = (
					"$(inherited)",
					"@executable_path/Frameworks",
				);
				MARKETING_VERSION = 1.0;
				PRODUCT_BUNDLE_IDENTIFIER = com.neosoft.test.neosoftTest;
				PRODUCT_NAME = "$(TARGET_NAME)";
				SWIFT_EMIT_LOC_STRINGS = YES;
				SWIFT_VERSION = 5.0;
				TARGETED_DEVICE_FAMILY = "1,2";
			};
			name = Release;
		};
		DC1FF1682AF1479A004BFFFF /* Debug */ = {
			isa = XCBuildConfiguration;
			buildSettings = {
				BUNDLE_LOADER = "$(TEST_HOST)";
				CODE_SIGN_STYLE = Automatic;
				CURRENT_PROJECT_VERSION = 1;
				GENERATE_INFOPLIST_FILE = YES;
				MARKETING_VERSION = 1.0;
				PRODUCT_BUNDLE_IDENTIFIER = com.neosoft.test.neosoftTestTests;
				PRODUCT_NAME = "$(TARGET_NAME)";
				SWIFT_EMIT_LOC_STRINGS = NO;
				SWIFT_VERSION = 5.0;
				TARGETED_DEVICE_FAMILY = "1,2";
				TEST_HOST = "$(BUILT_PRODUCTS_DIR)/neosoftTest.app/$(BUNDLE_EXECUTABLE_FOLDER_PATH)/neosoftTest";
			};
			name = Debug;
		};
		DC1FF1692AF1479A004BFFFF /* Release */ = {
			isa = XCBuildConfiguration;
			buildSettings = {
				BUNDLE_LOADER = "$(TEST_HOST)";
				CODE_SIGN_STYLE = Automatic;
				CURRENT_PROJECT_VERSION = 1;
				GENERATE_INFOPLIST_FILE = YES;
				MARKETING_VERSION = 1.0;
				PRODUCT_BUNDLE_IDENTIFIER = com.neosoft.test.neosoftTestTests;
				PRODUCT_NAME = "$(TARGET_NAME)";
				SWIFT_EMIT_LOC_STRINGS = NO;
				SWIFT_VERSION = 5.0;
				TARGETED_DEVICE_FAMILY = "1,2";
				TEST_HOST = "$(BUILT_PRODUCTS_DIR)/neosoftTest.app/$(BUNDLE_EXECUTABLE_FOLDER_PATH)/neosoftTest";
			};
			name = Release;
		};
/* End XCBuildConfiguration section */

/* Begin XCConfigurationList section */
		DC1FF1312AEFB2DD004BFFFF /* Build configuration list for PBXProject "neosoftTest" */ = {
			isa = XCConfigurationList;
			buildConfigurations = (
				DC1FF1482AEFB2DE004BFFFF /* Debug */,
				DC1FF1492AEFB2DE004BFFFF /* Release */,
			);
			defaultConfigurationIsVisible = 0;
			defaultConfigurationName = Release;
		};
		DC1FF14A2AEFB2DE004BFFFF /* Build configuration list for PBXNativeTarget "neosoftTest" */ = {
			isa = XCConfigurationList;
			buildConfigurations = (
				DC1FF14B2AEFB2DE004BFFFF /* Debug */,
				DC1FF14C2AEFB2DE004BFFFF /* Release */,
			);
			defaultConfigurationIsVisible = 0;
			defaultConfigurationName = Release;
		};
		DC1FF1672AF1479A004BFFFF /* Build configuration list for PBXNativeTarget "neosoftTestTests" */ = {
			isa = XCConfigurationList;
			buildConfigurations = (
				DC1FF1682AF1479A004BFFFF /* Debug */,
				DC1FF1692AF1479A004BFFFF /* Release */,
			);
			defaultConfigurationIsVisible = 0;
			defaultConfigurationName = Release;
		};
/* End XCConfigurationList section */
	};
	rootObject = DC1FF12E2AEFB2DD004BFFFF /* Project object */;
}
